// !$*UTF8*$!
{
	archiveVersion = 1;
	classes = {
	};
	objectVersion = 46;
	objects = {

/* Begin PBXBuildFile section */
		067603EF1C8056B200B4F7B5 /* main.m in Sources */ = {isa = PBXBuildFile; fileRef = 067603EE1C8056B200B4F7B5 /* main.m */; };
		067603F21C8056B200B4F7B5 /* AppDelegate.m in Sources */ = {isa = PBXBuildFile; fileRef = 067603F11C8056B200B4F7B5 /* AppDelegate.m */; };
		067603FA1C8056B200B4F7B5 /* Assets.xcassets in Resources */ = {isa = PBXBuildFile; fileRef = 067603F91C8056B200B4F7B5 /* Assets.xcassets */; };
		067603FD1C8056B200B4F7B5 /* LaunchScreen.storyboard in Resources */ = {isa = PBXBuildFile; fileRef = 067603FB1C8056B200B4F7B5 /* LaunchScreen.storyboard */; };
		067604081C8056B200B4F7B5 /* MyGiftCardTests.m in Sources */ = {isa = PBXBuildFile; fileRef = 067604071C8056B200B4F7B5 /* MyGiftCardTests.m */; };
		067604131C8056B200B4F7B5 /* MyGiftCardUITests.m in Sources */ = {isa = PBXBuildFile; fileRef = 067604121C8056B200B4F7B5 /* MyGiftCardUITests.m */; };
		0691AABF1C846109005FF8D3 /* green.png in Resources */ = {isa = PBXBuildFile; fileRef = 0691AAB71C846109005FF8D3 /* green.png */; };
		0691AAC01C846109005FF8D3 /* red.png in Resources */ = {isa = PBXBuildFile; fileRef = 0691AAB81C846109005FF8D3 /* red.png */; };
		0691AAC11C846109005FF8D3 /* top_bar.png in Resources */ = {isa = PBXBuildFile; fileRef = 0691AAB91C846109005FF8D3 /* top_bar.png */; };
		0691AAC21C846109005FF8D3 /* Wishlist.storyboard in Resources */ = {isa = PBXBuildFile; fileRef = 0691AABA1C846109005FF8D3 /* Wishlist.storyboard */; };
		0691AAC31C846109005FF8D3 /* WishlistCollectionViewCell.m in Sources */ = {isa = PBXBuildFile; fileRef = 0691AABC1C846109005FF8D3 /* WishlistCollectionViewCell.m */; };
		0691AAC41C846109005FF8D3 /* WishlistViewController.m in Sources */ = {isa = PBXBuildFile; fileRef = 0691AABE1C846109005FF8D3 /* WishlistViewController.m */; };
		0691AAD51C846115005FF8D3 /* CalendarView.m in Sources */ = {isa = PBXBuildFile; fileRef = 0691AAC71C846115005FF8D3 /* CalendarView.m */; };
		0691AAD61C846115005FF8D3 /* CustomCalendarViewController.m in Sources */ = {isa = PBXBuildFile; fileRef = 0691AAC91C846115005FF8D3 /* CustomCalendarViewController.m */; };
		0691AAD71C846115005FF8D3 /* Event.storyboard in Resources */ = {isa = PBXBuildFile; fileRef = 0691AACA1C846115005FF8D3 /* Event.storyboard */; };
		0691AAD81C846115005FF8D3 /* EventsTableViewCell.m in Sources */ = {isa = PBXBuildFile; fileRef = 0691AACC1C846115005FF8D3 /* EventsTableViewCell.m */; };
		0691AADA1C846115005FF8D3 /* event_pic.png in Resources */ = {isa = PBXBuildFile; fileRef = 0691AAD01C846115005FF8D3 /* event_pic.png */; };
		0691AADB1C846115005FF8D3 /* left_arrow_calender.png in Resources */ = {isa = PBXBuildFile; fileRef = 0691AAD11C846115005FF8D3 /* left_arrow_calender.png */; };
		0691AADC1C846115005FF8D3 /* right_arrow_calender.png in Resources */ = {isa = PBXBuildFile; fileRef = 0691AAD21C846115005FF8D3 /* right_arrow_calender.png */; };
		0691AADD1C846115005FF8D3 /* thin_blue_bar.png in Resources */ = {isa = PBXBuildFile; fileRef = 0691AAD31C846115005FF8D3 /* thin_blue_bar.png */; };
		0691AADE1C846115005FF8D3 /* top_thin_blue_bar.png in Resources */ = {isa = PBXBuildFile; fileRef = 0691AAD41C846115005FF8D3 /* top_thin_blue_bar.png */; };
		0691AAF01C84611D005FF8D3 /* CardDetailsViewController.m in Sources */ = {isa = PBXBuildFile; fileRef = 0691AAE11C84611D005FF8D3 /* CardDetailsViewController.m */; };
		0691AAF11C84611D005FF8D3 /* Home.storyboard in Resources */ = {isa = PBXBuildFile; fileRef = 0691AAE21C84611D005FF8D3 /* Home.storyboard */; };
		0691AAF21C84611D005FF8D3 /* HomeCollectionViewCell.m in Sources */ = {isa = PBXBuildFile; fileRef = 0691AAE41C84611D005FF8D3 /* HomeCollectionViewCell.m */; };
		0691AAF31C84611D005FF8D3 /* HomeViewController.m in Sources */ = {isa = PBXBuildFile; fileRef = 0691AAE61C84611D005FF8D3 /* HomeViewController.m */; };
		0691AAF41C84611D005FF8D3 /* buttom_bar.png in Resources */ = {isa = PBXBuildFile; fileRef = 0691AAE81C84611D005FF8D3 /* buttom_bar.png */; };
		0691AAF51C84611D005FF8D3 /* card.png in Resources */ = {isa = PBXBuildFile; fileRef = 0691AAE91C84611D005FF8D3 /* card.png */; };
		0691AAF61C84611D005FF8D3 /* Hallmark.png in Resources */ = {isa = PBXBuildFile; fileRef = 0691AAEA1C84611D005FF8D3 /* Hallmark.png */; };
		0691AAF71C84611D005FF8D3 /* sephora.png in Resources */ = {isa = PBXBuildFile; fileRef = 0691AAEB1C84611D005FF8D3 /* sephora.png */; };
		0691AAF81C84611D005FF8D3 /* star.png in Resources */ = {isa = PBXBuildFile; fileRef = 0691AAEC1C84611D005FF8D3 /* star.png */; };
		0691AAF91C84611D005FF8D3 /* the_home.png in Resources */ = {isa = PBXBuildFile; fileRef = 0691AAED1C84611D005FF8D3 /* the_home.png */; };
		0691AAFA1C84611D005FF8D3 /* under_card_bar.png in Resources */ = {isa = PBXBuildFile; fileRef = 0691AAEE1C84611D005FF8D3 /* under_card_bar.png */; };
		0691AAFB1C84611D005FF8D3 /* wallmart.png in Resources */ = {isa = PBXBuildFile; fileRef = 0691AAEF1C84611D005FF8D3 /* wallmart.png */; };
		0691AB051C846125005FF8D3 /* field.png in Resources */ = {isa = PBXBuildFile; fileRef = 0691AAFE1C846125005FF8D3 /* field.png */; };
		0691AB061C846125005FF8D3 /* login_button.png in Resources */ = {isa = PBXBuildFile; fileRef = 0691AAFF1C846125005FF8D3 /* login_button.png */; };
		0691AB071C846125005FF8D3 /* login_view.png in Resources */ = {isa = PBXBuildFile; fileRef = 0691AB001C846125005FF8D3 /* login_view.png */; };
		0691AB081C846125005FF8D3 /* logo.png in Resources */ = {isa = PBXBuildFile; fileRef = 0691AB011C846125005FF8D3 /* logo.png */; };
		0691AB091C846125005FF8D3 /* Login&Register.storyboard in Resources */ = {isa = PBXBuildFile; fileRef = 0691AB021C846125005FF8D3 /* Login&Register.storyboard */; };
		0691AB0A1C846125005FF8D3 /* LoginViewController.m in Sources */ = {isa = PBXBuildFile; fileRef = 0691AB041C846125005FF8D3 /* LoginViewController.m */; };
		0691AB0E1C848C30005FF8D3 /* buttom_bar.png in Resources */ = {isa = PBXBuildFile; fileRef = 0691AB0D1C848C30005FF8D3 /* buttom_bar.png */; };
/* End PBXBuildFile section */

/* Begin PBXContainerItemProxy section */
		067604041C8056B200B4F7B5 /* PBXContainerItemProxy */ = {
			isa = PBXContainerItemProxy;
			containerPortal = 067603E21C8056B100B4F7B5 /* Project object */;
			proxyType = 1;
			remoteGlobalIDString = 067603E91C8056B100B4F7B5;
			remoteInfo = MyGiftCard;
		};
		0676040F1C8056B200B4F7B5 /* PBXContainerItemProxy */ = {
			isa = PBXContainerItemProxy;
			containerPortal = 067603E21C8056B100B4F7B5 /* Project object */;
			proxyType = 1;
			remoteGlobalIDString = 067603E91C8056B100B4F7B5;
			remoteInfo = MyGiftCard;
		};
/* End PBXContainerItemProxy section */

/* Begin PBXFileReference section */
		067603EA1C8056B100B4F7B5 /* MyGiftCard.app */ = {isa = PBXFileReference; explicitFileType = wrapper.application; includeInIndex = 0; path = MyGiftCard.app; sourceTree = BUILT_PRODUCTS_DIR; };
		067603EE1C8056B200B4F7B5 /* main.m */ = {isa = PBXFileReference; lastKnownFileType = sourcecode.c.objc; path = main.m; sourceTree = "<group>"; };
		067603F01C8056B200B4F7B5 /* AppDelegate.h */ = {isa = PBXFileReference; lastKnownFileType = sourcecode.c.h; path = AppDelegate.h; sourceTree = "<group>"; };
		067603F11C8056B200B4F7B5 /* AppDelegate.m */ = {isa = PBXFileReference; lastKnownFileType = sourcecode.c.objc; path = AppDelegate.m; sourceTree = "<group>"; };
		067603F91C8056B200B4F7B5 /* Assets.xcassets */ = {isa = PBXFileReference; lastKnownFileType = folder.assetcatalog; path = Assets.xcassets; sourceTree = "<group>"; };
		067603FC1C8056B200B4F7B5 /* Base */ = {isa = PBXFileReference; lastKnownFileType = file.storyboard; name = Base; path = Base.lproj/LaunchScreen.storyboard; sourceTree = "<group>"; };
		067603FE1C8056B200B4F7B5 /* Info.plist */ = {isa = PBXFileReference; lastKnownFileType = text.plist.xml; path = Info.plist; sourceTree = "<group>"; };
		067604031C8056B200B4F7B5 /* MyGiftCardTests.xctest */ = {isa = PBXFileReference; explicitFileType = wrapper.cfbundle; includeInIndex = 0; path = MyGiftCardTests.xctest; sourceTree = BUILT_PRODUCTS_DIR; };
		067604071C8056B200B4F7B5 /* MyGiftCardTests.m */ = {isa = PBXFileReference; lastKnownFileType = sourcecode.c.objc; path = MyGiftCardTests.m; sourceTree = "<group>"; };
		067604091C8056B200B4F7B5 /* Info.plist */ = {isa = PBXFileReference; lastKnownFileType = text.plist.xml; path = Info.plist; sourceTree = "<group>"; };
		0676040E1C8056B200B4F7B5 /* MyGiftCardUITests.xctest */ = {isa = PBXFileReference; explicitFileType = wrapper.cfbundle; includeInIndex = 0; path = MyGiftCardUITests.xctest; sourceTree = BUILT_PRODUCTS_DIR; };
		067604121C8056B200B4F7B5 /* MyGiftCardUITests.m */ = {isa = PBXFileReference; lastKnownFileType = sourcecode.c.objc; path = MyGiftCardUITests.m; sourceTree = "<group>"; };
		067604141C8056B200B4F7B5 /* Info.plist */ = {isa = PBXFileReference; lastKnownFileType = text.plist.xml; path = Info.plist; sourceTree = "<group>"; };
		0691AAB71C846109005FF8D3 /* green.png */ = {isa = PBXFileReference; lastKnownFileType = image.png; path = green.png; sourceTree = "<group>"; };
		0691AAB81C846109005FF8D3 /* red.png */ = {isa = PBXFileReference; lastKnownFileType = image.png; path = red.png; sourceTree = "<group>"; };
		0691AAB91C846109005FF8D3 /* top_bar.png */ = {isa = PBXFileReference; lastKnownFileType = image.png; path = top_bar.png; sourceTree = "<group>"; };
		0691AABA1C846109005FF8D3 /* Wishlist.storyboard */ = {isa = PBXFileReference; fileEncoding = 4; lastKnownFileType = file.storyboard; path = Wishlist.storyboard; sourceTree = "<group>"; };
		0691AABB1C846109005FF8D3 /* WishlistCollectionViewCell.h */ = {isa = PBXFileReference; fileEncoding = 4; lastKnownFileType = sourcecode.c.h; path = WishlistCollectionViewCell.h; sourceTree = "<group>"; };
		0691AABC1C846109005FF8D3 /* WishlistCollectionViewCell.m */ = {isa = PBXFileReference; fileEncoding = 4; lastKnownFileType = sourcecode.c.objc; path = WishlistCollectionViewCell.m; sourceTree = "<group>"; };
		0691AABD1C846109005FF8D3 /* WishlistViewController.h */ = {isa = PBXFileReference; fileEncoding = 4; lastKnownFileType = sourcecode.c.h; path = WishlistViewController.h; sourceTree = "<group>"; };
		0691AABE1C846109005FF8D3 /* WishlistViewController.m */ = {isa = PBXFileReference; fileEncoding = 4; lastKnownFileType = sourcecode.c.objc; path = WishlistViewController.m; sourceTree = "<group>"; };
		0691AAC61C846115005FF8D3 /* CalendarView.h */ = {isa = PBXFileReference; fileEncoding = 4; lastKnownFileType = sourcecode.c.h; path = CalendarView.h; sourceTree = "<group>"; };
		0691AAC71C846115005FF8D3 /* CalendarView.m */ = {isa = PBXFileReference; fileEncoding = 4; lastKnownFileType = sourcecode.c.objc; path = CalendarView.m; sourceTree = "<group>"; };
		0691AAC81C846115005FF8D3 /* CustomCalendarViewController.h */ = {isa = PBXFileReference; fileEncoding = 4; lastKnownFileType = sourcecode.c.h; path = CustomCalendarViewController.h; sourceTree = "<group>"; };
		0691AAC91C846115005FF8D3 /* CustomCalendarViewController.m */ = {isa = PBXFileReference; fileEncoding = 4; lastKnownFileType = sourcecode.c.objc; path = CustomCalendarViewController.m; sourceTree = "<group>"; };
		0691AACA1C846115005FF8D3 /* Event.storyboard */ = {isa = PBXFileReference; fileEncoding = 4; lastKnownFileType = file.storyboard; path = Event.storyboard; sourceTree = "<group>"; };
		0691AACB1C846115005FF8D3 /* EventsTableViewCell.h */ = {isa = PBXFileReference; fileEncoding = 4; lastKnownFileType = sourcecode.c.h; path = EventsTableViewCell.h; sourceTree = "<group>"; };
		0691AACC1C846115005FF8D3 /* EventsTableViewCell.m */ = {isa = PBXFileReference; fileEncoding = 4; lastKnownFileType = sourcecode.c.objc; path = EventsTableViewCell.m; sourceTree = "<group>"; };
		0691AAD01C846115005FF8D3 /* event_pic.png */ = {isa = PBXFileReference; lastKnownFileType = image.png; path = event_pic.png; sourceTree = "<group>"; };
		0691AAD11C846115005FF8D3 /* left_arrow_calender.png */ = {isa = PBXFileReference; lastKnownFileType = image.png; path = left_arrow_calender.png; sourceTree = "<group>"; };
		0691AAD21C846115005FF8D3 /* right_arrow_calender.png */ = {isa = PBXFileReference; lastKnownFileType = image.png; path = right_arrow_calender.png; sourceTree = "<group>"; };
		0691AAD31C846115005FF8D3 /* thin_blue_bar.png */ = {isa = PBXFileReference; lastKnownFileType = image.png; path = thin_blue_bar.png; sourceTree = "<group>"; };
		0691AAD41C846115005FF8D3 /* top_thin_blue_bar.png */ = {isa = PBXFileReference; lastKnownFileType = image.png; path = top_thin_blue_bar.png; sourceTree = "<group>"; };
		0691AAE01C84611D005FF8D3 /* CardDetailsViewController.h */ = {isa = PBXFileReference; fileEncoding = 4; lastKnownFileType = sourcecode.c.h; path = CardDetailsViewController.h; sourceTree = "<group>"; };
		0691AAE11C84611D005FF8D3 /* CardDetailsViewController.m */ = {isa = PBXFileReference; fileEncoding = 4; lastKnownFileType = sourcecode.c.objc; path = CardDetailsViewController.m; sourceTree = "<group>"; };
		0691AAE21C84611D005FF8D3 /* Home.storyboard */ = {isa = PBXFileReference; fileEncoding = 4; lastKnownFileType = file.storyboard; path = Home.storyboard; sourceTree = "<group>"; };
		0691AAE31C84611D005FF8D3 /* HomeCollectionViewCell.h */ = {isa = PBXFileReference; fileEncoding = 4; lastKnownFileType = sourcecode.c.h; path = HomeCollectionViewCell.h; sourceTree = "<group>"; };
		0691AAE41C84611D005FF8D3 /* HomeCollectionViewCell.m */ = {isa = PBXFileReference; fileEncoding = 4; lastKnownFileType = sourcecode.c.objc; path = HomeCollectionViewCell.m; sourceTree = "<group>"; };
		0691AAE51C84611D005FF8D3 /* HomeViewController.h */ = {isa = PBXFileReference; fileEncoding = 4; lastKnownFileType = sourcecode.c.h; path = HomeViewController.h; sourceTree = "<group>"; };
		0691AAE61C84611D005FF8D3 /* HomeViewController.m */ = {isa = PBXFileReference; fileEncoding = 4; lastKnownFileType = sourcecode.c.objc; path = HomeViewController.m; sourceTree = "<group>"; };
		0691AAE81C84611D005FF8D3 /* buttom_bar.png */ = {isa = PBXFileReference; lastKnownFileType = image.png; path = buttom_bar.png; sourceTree = "<group>"; };
		0691AAE91C84611D005FF8D3 /* card.png */ = {isa = PBXFileReference; lastKnownFileType = image.png; path = card.png; sourceTree = "<group>"; };
		0691AAEA1C84611D005FF8D3 /* Hallmark.png */ = {isa = PBXFileReference; lastKnownFileType = image.png; path = Hallmark.png; sourceTree = "<group>"; };
		0691AAEB1C84611D005FF8D3 /* sephora.png */ = {isa = PBXFileReference; lastKnownFileType = image.png; path = sephora.png; sourceTree = "<group>"; };
		0691AAEC1C84611D005FF8D3 /* star.png */ = {isa = PBXFileReference; lastKnownFileType = image.png; path = star.png; sourceTree = "<group>"; };
		0691AAED1C84611D005FF8D3 /* the_home.png */ = {isa = PBXFileReference; lastKnownFileType = image.png; path = the_home.png; sourceTree = "<group>"; };
		0691AAEE1C84611D005FF8D3 /* under_card_bar.png */ = {isa = PBXFileReference; lastKnownFileType = image.png; path = under_card_bar.png; sourceTree = "<group>"; };
		0691AAEF1C84611D005FF8D3 /* wallmart.png */ = {isa = PBXFileReference; lastKnownFileType = image.png; path = wallmart.png; sourceTree = "<group>"; };
		0691AAFE1C846125005FF8D3 /* field.png */ = {isa = PBXFileReference; lastKnownFileType = image.png; path = field.png; sourceTree = "<group>"; };
		0691AAFF1C846125005FF8D3 /* login_button.png */ = {isa = PBXFileReference; lastKnownFileType = image.png; path = login_button.png; sourceTree = "<group>"; };
		0691AB001C846125005FF8D3 /* login_view.png */ = {isa = PBXFileReference; lastKnownFileType = image.png; path = login_view.png; sourceTree = "<group>"; };
		0691AB011C846125005FF8D3 /* logo.png */ = {isa = PBXFileReference; lastKnownFileType = image.png; path = logo.png; sourceTree = "<group>"; };
		0691AB021C846125005FF8D3 /* Login&Register.storyboard */ = {isa = PBXFileReference; fileEncoding = 4; lastKnownFileType = file.storyboard; path = "Login&Register.storyboard"; sourceTree = "<group>"; };
		0691AB031C846125005FF8D3 /* LoginViewController.h */ = {isa = PBXFileReference; fileEncoding = 4; lastKnownFileType = sourcecode.c.h; path = LoginViewController.h; sourceTree = "<group>"; };
		0691AB041C846125005FF8D3 /* LoginViewController.m */ = {isa = PBXFileReference; fileEncoding = 4; lastKnownFileType = sourcecode.c.objc; path = LoginViewController.m; sourceTree = "<group>"; };
		0691AB0D1C848C30005FF8D3 /* buttom_bar.png */ = {isa = PBXFileReference; lastKnownFileType = image.png; path = buttom_bar.png; sourceTree = "<group>"; };
/* End PBXFileReference section */

/* Begin PBXFrameworksBuildPhase section */
		067603E71C8056B100B4F7B5 /* Frameworks */ = {
			isa = PBXFrameworksBuildPhase;
			buildActionMask = 2147483647;
			files = (
			);
			runOnlyForDeploymentPostprocessing = 0;
		};
		067604001C8056B200B4F7B5 /* Frameworks */ = {
			isa = PBXFrameworksBuildPhase;
			buildActionMask = 2147483647;
			files = (
			);
			runOnlyForDeploymentPostprocessing = 0;
		};
		0676040B1C8056B200B4F7B5 /* Frameworks */ = {
			isa = PBXFrameworksBuildPhase;
			buildActionMask = 2147483647;
			files = (
			);
			runOnlyForDeploymentPostprocessing = 0;
		};
/* End PBXFrameworksBuildPhase section */

/* Begin PBXGroup section */
		067603E11C8056B100B4F7B5 = {
			isa = PBXGroup;
			children = (
				067603EC1C8056B100B4F7B5 /* MyGiftCard */,
				067604061C8056B200B4F7B5 /* MyGiftCardTests */,
				067604111C8056B200B4F7B5 /* MyGiftCardUITests */,
				067603EB1C8056B100B4F7B5 /* Products */,
			);
			sourceTree = "<group>";
		};
		067603EB1C8056B100B4F7B5 /* Products */ = {
			isa = PBXGroup;
			children = (
				067603EA1C8056B100B4F7B5 /* MyGiftCard.app */,
				067604031C8056B200B4F7B5 /* MyGiftCardTests.xctest */,
				0676040E1C8056B200B4F7B5 /* MyGiftCardUITests.xctest */,
			);
			name = Products;
			sourceTree = "<group>";
		};
		067603EC1C8056B100B4F7B5 /* MyGiftCard */ = {
			isa = PBXGroup;
			children = (
				067603F01C8056B200B4F7B5 /* AppDelegate.h */,
				067603F11C8056B200B4F7B5 /* AppDelegate.m */,
				0691AAFC1C846125005FF8D3 /* Login & Register */,
				0691AADF1C84611D005FF8D3 /* Home */,
				0691AAC51C846115005FF8D3 /* Events */,
				0691AAB51C846109005FF8D3 /* Wishlists */,
				067603F91C8056B200B4F7B5 /* Assets.xcassets */,
				067603FB1C8056B200B4F7B5 /* LaunchScreen.storyboard */,
				067603FE1C8056B200B4F7B5 /* Info.plist */,
				067603ED1C8056B200B4F7B5 /* Supporting Files */,
			);
			path = MyGiftCard;
			sourceTree = "<group>";
		};
		067603ED1C8056B200B4F7B5 /* Supporting Files */ = {
			isa = PBXGroup;
			children = (
				067603EE1C8056B200B4F7B5 /* main.m */,
			);
			name = "Supporting Files";
			sourceTree = "<group>";
		};
		067604061C8056B200B4F7B5 /* MyGiftCardTests */ = {
			isa = PBXGroup;
			children = (
				067604071C8056B200B4F7B5 /* MyGiftCardTests.m */,
				067604091C8056B200B4F7B5 /* Info.plist */,
			);
			path = MyGiftCardTests;
			sourceTree = "<group>";
		};
		067604111C8056B200B4F7B5 /* MyGiftCardUITests */ = {
			isa = PBXGroup;
			children = (
				067604121C8056B200B4F7B5 /* MyGiftCardUITests.m */,
				067604141C8056B200B4F7B5 /* Info.plist */,
			);
			path = MyGiftCardUITests;
			sourceTree = "<group>";
		};
		0691AAB51C846109005FF8D3 /* Wishlists */ = {
			isa = PBXGroup;
			children = (
				0691AAB61C846109005FF8D3 /* Images */,
				0691AABA1C846109005FF8D3 /* Wishlist.storyboard */,
				0691AABD1C846109005FF8D3 /* WishlistViewController.h */,
				0691AABE1C846109005FF8D3 /* WishlistViewController.m */,
				0691AABB1C846109005FF8D3 /* WishlistCollectionViewCell.h */,
				0691AABC1C846109005FF8D3 /* WishlistCollectionViewCell.m */,
			);
			path = Wishlists;
			sourceTree = "<group>";
		};
		0691AAB61C846109005FF8D3 /* Images */ = {
			isa = PBXGroup;
			children = (
				0691AAB71C846109005FF8D3 /* green.png */,
				0691AAB81C846109005FF8D3 /* red.png */,
				0691AAB91C846109005FF8D3 /* top_bar.png */,
			);
			path = Images;
			sourceTree = "<group>";
		};
		0691AAC51C846115005FF8D3 /* Events */ = {
			isa = PBXGroup;
			children = (
				0691AACF1C846115005FF8D3 /* Images */,
				0691AACA1C846115005FF8D3 /* Event.storyboard */,
				0691AAC81C846115005FF8D3 /* CustomCalendarViewController.h */,
				0691AAC91C846115005FF8D3 /* CustomCalendarViewController.m */,
				0691AACB1C846115005FF8D3 /* EventsTableViewCell.h */,
				0691AACC1C846115005FF8D3 /* EventsTableViewCell.m */,
				0691AAC61C846115005FF8D3 /* CalendarView.h */,
				0691AAC71C846115005FF8D3 /* CalendarView.m */,
			);
			path = Events;
			sourceTree = "<group>";
		};
		0691AACF1C846115005FF8D3 /* Images */ = {
			isa = PBXGroup;
			children = (
				0691AAD01C846115005FF8D3 /* event_pic.png */,
				0691AAD11C846115005FF8D3 /* left_arrow_calender.png */,
				0691AAD21C846115005FF8D3 /* right_arrow_calender.png */,
				0691AAD31C846115005FF8D3 /* thin_blue_bar.png */,
				0691AAD41C846115005FF8D3 /* top_thin_blue_bar.png */,
			);
			path = Images;
			sourceTree = "<group>";
		};
		0691AADF1C84611D005FF8D3 /* Home */ = {
			isa = PBXGroup;
			children = (
				0691AAE71C84611D005FF8D3 /* Images */,
				0691AAE21C84611D005FF8D3 /* Home.storyboard */,
				0691AAE51C84611D005FF8D3 /* HomeViewController.h */,
				0691AAE61C84611D005FF8D3 /* HomeViewController.m */,
				0691AAE31C84611D005FF8D3 /* HomeCollectionViewCell.h */,
				0691AAE41C84611D005FF8D3 /* HomeCollectionViewCell.m */,
				0691AAE01C84611D005FF8D3 /* CardDetailsViewController.h */,
				0691AAE11C84611D005FF8D3 /* CardDetailsViewController.m */,
			);
			path = Home;
			sourceTree = "<group>";
		};
		0691AAE71C84611D005FF8D3 /* Images */ = {
			isa = PBXGroup;
			children = (
				0691AAE81C84611D005FF8D3 /* buttom_bar.png */,
				0691AAE91C84611D005FF8D3 /* card.png */,
				0691AAEA1C84611D005FF8D3 /* Hallmark.png */,
				0691AAEB1C84611D005FF8D3 /* sephora.png */,
				0691AAEC1C84611D005FF8D3 /* star.png */,
				0691AAED1C84611D005FF8D3 /* the_home.png */,
				0691AAEE1C84611D005FF8D3 /* under_card_bar.png */,
				0691AAEF1C84611D005FF8D3 /* wallmart.png */,
			);
			path = Images;
			sourceTree = "<group>";
		};
		0691AAFC1C846125005FF8D3 /* Login & Register */ = {
			isa = PBXGroup;
			children = (
				0691AAFD1C846125005FF8D3 /* Images */,
				0691AB021C846125005FF8D3 /* Login&Register.storyboard */,
				0691AB031C846125005FF8D3 /* LoginViewController.h */,
				0691AB041C846125005FF8D3 /* LoginViewController.m */,
			);
			path = "Login & Register";
			sourceTree = "<group>";
		};
		0691AAFD1C846125005FF8D3 /* Images */ = {
			isa = PBXGroup;
			children = (
				0691AAFE1C846125005FF8D3 /* field.png */,
				0691AAFF1C846125005FF8D3 /* login_button.png */,
				0691AB001C846125005FF8D3 /* login_view.png */,
				0691AB011C846125005FF8D3 /* logo.png */,
				0691AB0D1C848C30005FF8D3 /* buttom_bar.png */,
			);
			path = Images;
			sourceTree = "<group>";
		};
/* End PBXGroup section */

/* Begin PBXNativeTarget section */
		067603E91C8056B100B4F7B5 /* MyGiftCard */ = {
			isa = PBXNativeTarget;
			buildConfigurationList = 067604171C8056B200B4F7B5 /* Build configuration list for PBXNativeTarget "MyGiftCard" */;
			buildPhases = (
				067603E61C8056B100B4F7B5 /* Sources */,
				067603E71C8056B100B4F7B5 /* Frameworks */,
				067603E81C8056B100B4F7B5 /* Resources */,
			);
			buildRules = (
			);
			dependencies = (
			);
			name = MyGiftCard;
			productName = MyGiftCard;
			productReference = 067603EA1C8056B100B4F7B5 /* MyGiftCard.app */;
			productType = "com.apple.product-type.application";
		};
		067604021C8056B200B4F7B5 /* MyGiftCardTests */ = {
			isa = PBXNativeTarget;
			buildConfigurationList = 0676041A1C8056B200B4F7B5 /* Build configuration list for PBXNativeTarget "MyGiftCardTests" */;
			buildPhases = (
				067603FF1C8056B200B4F7B5 /* Sources */,
				067604001C8056B200B4F7B5 /* Frameworks */,
				067604011C8056B200B4F7B5 /* Resources */,
			);
			buildRules = (
			);
			dependencies = (
				067604051C8056B200B4F7B5 /* PBXTargetDependency */,
			);
			name = MyGiftCardTests;
			productName = MyGiftCardTests;
			productReference = 067604031C8056B200B4F7B5 /* MyGiftCardTests.xctest */;
			productType = "com.apple.product-type.bundle.unit-test";
		};
		0676040D1C8056B200B4F7B5 /* MyGiftCardUITests */ = {
			isa = PBXNativeTarget;
			buildConfigurationList = 0676041D1C8056B200B4F7B5 /* Build configuration list for PBXNativeTarget "MyGiftCardUITests" */;
			buildPhases = (
				0676040A1C8056B200B4F7B5 /* Sources */,
				0676040B1C8056B200B4F7B5 /* Frameworks */,
				0676040C1C8056B200B4F7B5 /* Resources */,
			);
			buildRules = (
			);
			dependencies = (
				067604101C8056B200B4F7B5 /* PBXTargetDependency */,
			);
			name = MyGiftCardUITests;
			productName = MyGiftCardUITests;
			productReference = 0676040E1C8056B200B4F7B5 /* MyGiftCardUITests.xctest */;
			productType = "com.apple.product-type.bundle.ui-testing";
		};
/* End PBXNativeTarget section */

/* Begin PBXProject section */
		067603E21C8056B100B4F7B5 /* Project object */ = {
			isa = PBXProject;
			attributes = {
				LastUpgradeCheck = 0720;
				ORGANIZATIONNAME = "Ahmed Madeh";
				TargetAttributes = {
					067603E91C8056B100B4F7B5 = {
						CreatedOnToolsVersion = 7.2;
						DevelopmentTeam = EC9SN5W46D;
					};
					067604021C8056B200B4F7B5 = {
						CreatedOnToolsVersion = 7.2;
						TestTargetID = 067603E91C8056B100B4F7B5;
					};
					0676040D1C8056B200B4F7B5 = {
						CreatedOnToolsVersion = 7.2;
						TestTargetID = 067603E91C8056B100B4F7B5;
					};
				};
			};
			buildConfigurationList = 067603E51C8056B100B4F7B5 /* Build configuration list for PBXProject "MyGiftCard" */;
			compatibilityVersion = "Xcode 3.2";
			developmentRegion = English;
			hasScannedForEncodings = 0;
			knownRegions = (
				en,
				Base,
			);
			mainGroup = 067603E11C8056B100B4F7B5;
			productRefGroup = 067603EB1C8056B100B4F7B5 /* Products */;
			projectDirPath = "";
			projectRoot = "";
			targets = (
				067603E91C8056B100B4F7B5 /* MyGiftCard */,
				067604021C8056B200B4F7B5 /* MyGiftCardTests */,
				0676040D1C8056B200B4F7B5 /* MyGiftCardUITests */,
			);
		};
/* End PBXProject section */

/* Begin PBXResourcesBuildPhase section */
		067603E81C8056B100B4F7B5 /* Resources */ = {
			isa = PBXResourcesBuildPhase;
			buildActionMask = 2147483647;
			files = (
				0691AAFA1C84611D005FF8D3 /* under_card_bar.png in Resources */,
				0691AADC1C846115005FF8D3 /* right_arrow_calender.png in Resources */,
				0691AB0E1C848C30005FF8D3 /* buttom_bar.png in Resources */,
				0691AADB1C846115005FF8D3 /* left_arrow_calender.png in Resources */,
				0691AAFB1C84611D005FF8D3 /* wallmart.png in Resources */,
				0691AAF71C84611D005FF8D3 /* sephora.png in Resources */,
				0691AAF11C84611D005FF8D3 /* Home.storyboard in Resources */,
				0691AABF1C846109005FF8D3 /* green.png in Resources */,
				0691AAC01C846109005FF8D3 /* red.png in Resources */,
				0691AB091C846125005FF8D3 /* Login&Register.storyboard in Resources */,
				0691AB051C846125005FF8D3 /* field.png in Resources */,
				0691AB061C846125005FF8D3 /* login_button.png in Resources */,
				067603FD1C8056B200B4F7B5 /* LaunchScreen.storyboard in Resources */,
				0691AAC21C846109005FF8D3 /* Wishlist.storyboard in Resources */,
				0691AADD1C846115005FF8D3 /* thin_blue_bar.png in Resources */,
				0691AAF41C84611D005FF8D3 /* buttom_bar.png in Resources */,
				0691AAC11C846109005FF8D3 /* top_bar.png in Resources */,
				0691AAF81C84611D005FF8D3 /* star.png in Resources */,
				0691AB081C846125005FF8D3 /* logo.png in Resources */,
				0691AADE1C846115005FF8D3 /* top_thin_blue_bar.png in Resources */,
				0691AAF61C84611D005FF8D3 /* Hallmark.png in Resources */,
				0691AAF51C84611D005FF8D3 /* card.png in Resources */,
				0691AAF91C84611D005FF8D3 /* the_home.png in Resources */,
				0691AB071C846125005FF8D3 /* login_view.png in Resources */,
				0691AADA1C846115005FF8D3 /* event_pic.png in Resources */,
				0691AAD71C846115005FF8D3 /* Event.storyboard in Resources */,
				067603FA1C8056B200B4F7B5 /* Assets.xcassets in Resources */,
			);
			runOnlyForDeploymentPostprocessing = 0;
		};
		067604011C8056B200B4F7B5 /* Resources */ = {
			isa = PBXResourcesBuildPhase;
			buildActionMask = 2147483647;
			files = (
			);
			runOnlyForDeploymentPostprocessing = 0;
		};
		0676040C1C8056B200B4F7B5 /* Resources */ = {
			isa = PBXResourcesBuildPhase;
			buildActionMask = 2147483647;
			files = (
			);
			runOnlyForDeploymentPostprocessing = 0;
		};
/* End PBXResourcesBuildPhase section */

/* Begin PBXSourcesBuildPhase section */
		067603E61C8056B100B4F7B5 /* Sources */ = {
			isa = PBXSourcesBuildPhase;
			buildActionMask = 2147483647;
			files = (
				0691AAD81C846115005FF8D3 /* EventsTableViewCell.m in Sources */,
				0691AAD51C846115005FF8D3 /* CalendarView.m in Sources */,
				0691AB0A1C846125005FF8D3 /* LoginViewController.m in Sources */,
				0691AAC41C846109005FF8D3 /* WishlistViewController.m in Sources */,
				0691AAF21C84611D005FF8D3 /* HomeCollectionViewCell.m in Sources */,
				0691AAC31C846109005FF8D3 /* WishlistCollectionViewCell.m in Sources */,
				067603F21C8056B200B4F7B5 /* AppDelegate.m in Sources */,
				067603EF1C8056B200B4F7B5 /* main.m in Sources */,
				0691AAF01C84611D005FF8D3 /* CardDetailsViewController.m in Sources */,
				0691AAD61C846115005FF8D3 /* CustomCalendarViewController.m in Sources */,
				0691AAF31C84611D005FF8D3 /* HomeViewController.m in Sources */,
			);
			runOnlyForDeploymentPostprocessing = 0;
		};
		067603FF1C8056B200B4F7B5 /* Sources */ = {
			isa = PBXSourcesBuildPhase;
			buildActionMask = 2147483647;
			files = (
				067604081C8056B200B4F7B5 /* MyGiftCardTests.m in Sources */,
			);
			runOnlyForDeploymentPostprocessing = 0;
		};
		0676040A1C8056B200B4F7B5 /* Sources */ = {
			isa = PBXSourcesBuildPhase;
			buildActionMask = 2147483647;
			files = (
				067604131C8056B200B4F7B5 /* MyGiftCardUITests.m in Sources */,
			);
			runOnlyForDeploymentPostprocessing = 0;
		};
/* End PBXSourcesBuildPhase section */

/* Begin PBXTargetDependency section */
		067604051C8056B200B4F7B5 /* PBXTargetDependency */ = {
			isa = PBXTargetDependency;
			target = 067603E91C8056B100B4F7B5 /* MyGiftCard */;
			targetProxy = 067604041C8056B200B4F7B5 /* PBXContainerItemProxy */;
		};
		067604101C8056B200B4F7B5 /* PBXTargetDependency */ = {
			isa = PBXTargetDependency;
			target = 067603E91C8056B100B4F7B5 /* MyGiftCard */;
			targetProxy = 0676040F1C8056B200B4F7B5 /* PBXContainerItemProxy */;
		};
/* End PBXTargetDependency section */

/* Begin PBXVariantGroup section */
		067603FB1C8056B200B4F7B5 /* LaunchScreen.storyboard */ = {
			isa = PBXVariantGroup;
			children = (
				067603FC1C8056B200B4F7B5 /* Base */,
			);
			name = LaunchScreen.storyboard;
			sourceTree = "<group>";
		};
/* End PBXVariantGroup section */

/* Begin XCBuildConfiguration section */
		067604151C8056B200B4F7B5 /* Debug */ = {
			isa = XCBuildConfiguration;
			buildSettings = {
				ALWAYS_SEARCH_USER_PATHS = NO;
				CLANG_CXX_LANGUAGE_STANDARD = "gnu++0x";
				CLANG_CXX_LIBRARY = "libc++";
				CLANG_ENABLE_MODULES = YES;
				CLANG_ENABLE_OBJC_ARC = YES;
				CLANG_WARN_BOOL_CONVERSION = YES;
				CLANG_WARN_CONSTANT_CONVERSION = YES;
				CLANG_WARN_DIRECT_OBJC_ISA_USAGE = YES_ERROR;
				CLANG_WARN_EMPTY_BODY = YES;
				CLANG_WARN_ENUM_CONVERSION = YES;
				CLANG_WARN_INT_CONVERSION = YES;
				CLANG_WARN_OBJC_ROOT_CLASS = YES_ERROR;
				CLANG_WARN_UNREACHABLE_CODE = YES;
				CLANG_WARN__DUPLICATE_METHOD_MATCH = YES;
				CODE_SIGN_IDENTITY = "iPhone Distribution: HJMT Solutions PTY LTD (EC9SN5W46D)";
				"CODE_SIGN_IDENTITY[sdk=iphoneos*]" = "iPhone Distribution: HJMT Solutions PTY LTD (EC9SN5W46D)";
				COPY_PHASE_STRIP = NO;
				DEBUG_INFORMATION_FORMAT = dwarf;
				ENABLE_STRICT_OBJC_MSGSEND = YES;
				ENABLE_TESTABILITY = YES;
				GCC_C_LANGUAGE_STANDARD = gnu99;
				GCC_DYNAMIC_NO_PIC = NO;
				GCC_NO_COMMON_BLOCKS = YES;
				GCC_OPTIMIZATION_LEVEL = 0;
				GCC_PREPROCESSOR_DEFINITIONS = (
					"DEBUG=1",
					"$(inherited)",
				);
				GCC_WARN_64_TO_32_BIT_CONVERSION = YES;
				GCC_WARN_ABOUT_RETURN_TYPE = YES_ERROR;
				GCC_WARN_UNDECLARED_SELECTOR = YES;
				GCC_WARN_UNINITIALIZED_AUTOS = YES_AGGRESSIVE;
				GCC_WARN_UNUSED_FUNCTION = YES;
				GCC_WARN_UNUSED_VARIABLE = YES;
				IPHONEOS_DEPLOYMENT_TARGET = 9.2;
				MTL_ENABLE_DEBUG_INFO = YES;
				ONLY_ACTIVE_ARCH = YES;
				PROVISIONING_PROFILE = "651b16f3-67f1-484b-9fa2-1bf3cca8e6ac";
				SDKROOT = iphoneos;
				TARGETED_DEVICE_FAMILY = "1,2";
			};
			name = Debug;
		};
		067604161C8056B200B4F7B5 /* Release */ = {
			isa = XCBuildConfiguration;
			buildSettings = {
				ALWAYS_SEARCH_USER_PATHS = NO;
				CLANG_CXX_LANGUAGE_STANDARD = "gnu++0x";
				CLANG_CXX_LIBRARY = "libc++";
				CLANG_ENABLE_MODULES = YES;
				CLANG_ENABLE_OBJC_ARC = YES;
				CLANG_WARN_BOOL_CONVERSION = YES;
				CLANG_WARN_CONSTANT_CONVERSION = YES;
				CLANG_WARN_DIRECT_OBJC_ISA_USAGE = YES_ERROR;
				CLANG_WARN_EMPTY_BODY = YES;
				CLANG_WARN_ENUM_CONVERSION = YES;
				CLANG_WARN_INT_CONVERSION = YES;
				CLANG_WARN_OBJC_ROOT_CLASS = YES_ERROR;
				CLANG_WARN_UNREACHABLE_CODE = YES;
				CLANG_WARN__DUPLICATE_METHOD_MATCH = YES;
				CODE_SIGN_IDENTITY = "iPhone Distribution: HJMT Solutions PTY LTD (EC9SN5W46D)";
				"CODE_SIGN_IDENTITY[sdk=iphoneos*]" = "iPhone Distribution: HJMT Solutions PTY LTD (EC9SN5W46D)";
				COPY_PHASE_STRIP = NO;
				DEBUG_INFORMATION_FORMAT = "dwarf-with-dsym";
				ENABLE_NS_ASSERTIONS = NO;
				ENABLE_STRICT_OBJC_MSGSEND = YES;
				GCC_C_LANGUAGE_STANDARD = gnu99;
				GCC_NO_COMMON_BLOCKS = YES;
				GCC_WARN_64_TO_32_BIT_CONVERSION = YES;
				GCC_WARN_ABOUT_RETURN_TYPE = YES_ERROR;
				GCC_WARN_UNDECLARED_SELECTOR = YES;
				GCC_WARN_UNINITIALIZED_AUTOS = YES_AGGRESSIVE;
				GCC_WARN_UNUSED_FUNCTION = YES;
				GCC_WARN_UNUSED_VARIABLE = YES;
				IPHONEOS_DEPLOYMENT_TARGET = 9.2;
				MTL_ENABLE_DEBUG_INFO = NO;
				PROVISIONING_PROFILE = "651b16f3-67f1-484b-9fa2-1bf3cca8e6ac";
				SDKROOT = iphoneos;
				TARGETED_DEVICE_FAMILY = "1,2";
				VALIDATE_PRODUCT = YES;
			};
			name = Release;
		};
		067604181C8056B200B4F7B5 /* Debug */ = {
			isa = XCBuildConfiguration;
			buildSettings = {
				ASSETCATALOG_COMPILER_APPICON_NAME = AppIcon;
				ASSETCATALOG_COMPILER_LAUNCHIMAGE_NAME = LaunchImage;
				CODE_SIGN_IDENTITY = "iPhone Distribution: HJMT Solutions PTY LTD (EC9SN5W46D)";
				"CODE_SIGN_IDENTITY[sdk=iphoneos*]" = "iPhone Distribution: HJMT Solutions PTY LTD (EC9SN5W46D)";
				INFOPLIST_FILE = MyGiftCard/Info.plist;
				LD_RUNPATH_SEARCH_PATHS = "$(inherited) @executable_path/Frameworks";
				PRODUCT_BUNDLE_IDENTIFIER = com.Spellad.MyGiftCard;
				PRODUCT_NAME = "$(TARGET_NAME)";
				PROVISIONING_PROFILE = "651b16f3-67f1-484b-9fa2-1bf3cca8e6ac";
			};
			name = Debug;
		};
		067604191C8056B200B4F7B5 /* Release */ = {
			isa = XCBuildConfiguration;
			buildSettings = {
				ASSETCATALOG_COMPILER_APPICON_NAME = AppIcon;
				ASSETCATALOG_COMPILER_LAUNCHIMAGE_NAME = LaunchImage;
				CODE_SIGN_IDENTITY = "iPhone Distribution: HJMT Solutions PTY LTD (EC9SN5W46D)";
				"CODE_SIGN_IDENTITY[sdk=iphoneos*]" = "iPhone Distribution: HJMT Solutions PTY LTD (EC9SN5W46D)";
				INFOPLIST_FILE = MyGiftCard/Info.plist;
				LD_RUNPATH_SEARCH_PATHS = "$(inherited) @executable_path/Frameworks";
				PRODUCT_BUNDLE_IDENTIFIER = com.Spellad.MyGiftCard;
				PRODUCT_NAME = "$(TARGET_NAME)";
				PROVISIONING_PROFILE = "651b16f3-67f1-484b-9fa2-1bf3cca8e6ac";
			};
			name = Release;
		};
		0676041B1C8056B200B4F7B5 /* Debug */ = {
			isa = XCBuildConfiguration;
			buildSettings = {
				BUNDLE_LOADER = "$(TEST_HOST)";
				INFOPLIST_FILE = MyGiftCardTests/Info.plist;
				LD_RUNPATH_SEARCH_PATHS = "$(inherited) @executable_path/Frameworks @loader_path/Frameworks";
				PRODUCT_BUNDLE_IDENTIFIER = com.Spellad.MyGiftCardTests;
				PRODUCT_NAME = "$(TARGET_NAME)";
				TEST_HOST = "$(BUILT_PRODUCTS_DIR)/MyGiftCard.app/MyGiftCard";
			};
			name = Debug;
		};
		0676041C1C8056B200B4F7B5 /* Release */ = {
			isa = XCBuildConfiguration;
			buildSettings = {
				BUNDLE_LOADER = "$(TEST_HOST)";
				INFOPLIST_FILE = MyGiftCardTests/Info.plist;
				LD_RUNPATH_SEARCH_PATHS = "$(inherited) @executable_path/Frameworks @loader_path/Frameworks";
				PRODUCT_BUNDLE_IDENTIFIER = com.Spellad.MyGiftCardTests;
				PRODUCT_NAME = "$(TARGET_NAME)";
				TEST_HOST = "$(BUILT_PRODUCTS_DIR)/MyGiftCard.app/MyGiftCard";
			};
			name = Release;
		};
		0676041E1C8056B200B4F7B5 /* Debug */ = {
			isa = XCBuildConfiguration;
			buildSettings = {
				INFOPLIST_FILE = MyGiftCardUITests/Info.plist;
				LD_RUNPATH_SEARCH_PATHS = "$(inherited) @executable_path/Frameworks @loader_path/Frameworks";
				PRODUCT_BUNDLE_IDENTIFIER = com.Spellad.MyGiftCardUITests;
				PRODUCT_NAME = "$(TARGET_NAME)";
				TEST_TARGET_NAME = MyGiftCard;
				USES_XCTRUNNER = YES;
			};
			name = Debug;
		};
		0676041F1C8056B200B4F7B5 /* Release */ = {
			isa = XCBuildConfiguration;
			buildSettings = {
				INFOPLIST_FILE = MyGiftCardUITests/Info.plist;
				LD_RUNPATH_SEARCH_PATHS = "$(inherited) @executable_path/Frameworks @loader_path/Frameworks";
				PRODUCT_BUNDLE_IDENTIFIER = com.Spellad.MyGiftCardUITests;
				PRODUCT_NAME = "$(TARGET_NAME)";
				TEST_TARGET_NAME = MyGiftCard;
				USES_XCTRUNNER = YES;
			};
			name = Release;
		};
/* End XCBuildConfiguration section */

/* Begin XCConfigurationList section */
		067603E51C8056B100B4F7B5 /* Build configuration list for PBXProject "MyGiftCard" */ = {
			isa = XCConfigurationList;
			buildConfigurations = (
				067604151C8056B200B4F7B5 /* Debug */,
				067604161C8056B200B4F7B5 /* Release */,
			);
			defaultConfigurationIsVisible = 0;
			defaultConfigurationName = Release;
		};
		067604171C8056B200B4F7B5 /* Build configuration list for PBXNativeTarget "MyGiftCard" */ = {
			isa = XCConfigurationList;
			buildConfigurations = (
				067604181C8056B200B4F7B5 /* Debug */,
				067604191C8056B200B4F7B5 /* Release */,
			);
			defaultConfigurationIsVisible = 0;
			defaultConfigurationName = Release;
		};
		0676041A1C8056B200B4F7B5 /* Build configuration list for PBXNativeTarget "MyGiftCardTests" */ = {
			isa = XCConfigurationList;
			buildConfigurations = (
				0676041B1C8056B200B4F7B5 /* Debug */,
				0676041C1C8056B200B4F7B5 /* Release */,
			);
			defaultConfigurationIsVisible = 0;
			defaultConfigurationName = Release;
		};
		0676041D1C8056B200B4F7B5 /* Build configuration list for PBXNativeTarget "MyGiftCardUITests" */ = {
			isa = XCConfigurationList;
			buildConfigurations = (
				0676041E1C8056B200B4F7B5 /* Debug */,
				0676041F1C8056B200B4F7B5 /* Release */,
			);
			defaultConfigurationIsVisible = 0;
			defaultConfigurationName = Release;
		};
/* End XCConfigurationList section */
	};
	rootObject = 067603E21C8056B100B4F7B5 /* Project object */;
}
